
Microsoft Visual Studio Solution File, Format Version 12.00
# Visual Studio Version 16
VisualStudioVersion = 16.0.31410.357
MinimumVisualStudioVersion = 10.0.40219.1
Project("{FAE04EC0-301F-11D3-BF4B-00C04F79EFBC}") = "OWB.DLDemo", "csharp\OWB.DLDemo\OWB.DLDemo.csproj", "{E1B63CD0-474A-4122-80CF-855184EE492F}"
EndProject
Project("{FAE04EC0-301F-11D3-BF4B-00C04F79EFBC}") = "OWB.TADemo", "csharp\OWB.TADemo\OWB.TADemo.csproj", "{F3E9A9D6-4F5A-4D9F-90F9-3E2D46F21B1C}"
EndProject
Project("{8BC9CEB8-8B4A-11D0-8D11-00A0C91BC942}") = "DLMFCDemo", "cpp\DLMFCDemo\DLMFCDemo.vcxproj", "{50E05D6C-A38C-4B8B-B473-E73B61F25AE4}"
EndProject
Project("{FAE04EC0-301F-11D3-BF4B-00C04F79EFBC}") = "OWB.SDK", "csharp\OWB.SDK\OWB.SDK.csproj", "{C1FCF15C-4320-422A-8EF0-AE488C9C5582}"
EndProject
Project("{FAE04EC0-301F-11D3-BF4B-00C04F79EFBC}") = "OWB.MCDemo", "csharp\OWB.MCDemo\OWB.MCDemo.csproj", "{6320DA73-407E-462B-82D0-40FB0567A33B}"
EndProject
Project("{FAE04EC0-301F-11D3-BF4B-00C04F79EFBC}") = "OWB.RESTDemo", "csharp\OWB.RestDemo\OWB.RESTDemo.csproj", "{CCED9202-C8C2-47C6-9F7B-4C78A0E851A4}"
EndProject
Project("{8BC9CEB8-8B4A-11D0-8D11-00A0C91BC942}") = "RESTMFCDemo", "cpp\RESTMFCDemo\RESTMFCDemo.vcxproj", "{9CDC5D93-DFBE-4B82-91CF-5982CBBC2CB7}"
EndProject
Project("{FAE04EC0-301F-11D3-BF4B-00C04F79EFBC}") = "OWB.TAGDemo", "csharp\OWB.TAGDemo\OWB.TAGDemo.csproj", "{82CF85B7-588E-45B3-8CA7-DC59BC99BB01}"
EndProject
Project("{FAE04EC0-301F-11D3-BF4B-00C04F79EFBC}") = "OWB.VIDEODemo", "csharp\OWB.VIDEODemo\OWB.VIDEODemo.csproj", "{A1EA2EED-DCA4-4F3A-BA51-18ABF1D4EDBA}"
EndProject
Project("{8BC9CEB8-8B4A-11D0-8D11-00A0C91BC942}") = "TAGMFCDemo", "cpp\TAGMFCDemo\TAGMFCDemo.vcxproj", "{AE26DCB5-E68B-4EAD-A551-FA6AA6A528E6}"
EndProject
Project("{8BC9CEB8-8B4A-11D0-8D11-00A0C91BC942}") = "VIDEOMFCDemo", "cpp\VIDEOMFCDemo\VIDEOMFCDemo.vcxproj", "{8181D48F-0C04-47E3-BA85-6940B21D8DDD}"
EndProject
Project("{FAE04EC0-301F-11D3-BF4B-00C04F79EFBC}") = "OWB.SnipDemo", "csharp\OWB.SnipDemo\OWB.SnipDemo.csproj", "{234868B6-7B2C-4325-913B-909789F2A521}"
EndProject
Project("{FAE04EC0-301F-11D3-BF4B-00C04F79EFBC}") = "OWB.SnipDemo.SDK", "csharp\OWB.SnipDemo.SDK\OWB.SnipDemo.SDK.csproj", "{0F8A9A4F-054E-405F-97C0-073FF74EEF27}"
EndProject
Global
	GlobalSection(SolutionConfigurationPlatforms) = preSolution
		Debug|Any CPU = Debug|Any CPU
		Debug|Mixed Platforms = Debug|Mixed Platforms
		Debug|Win32 = Debug|Win32
		Debug|x64 = Debug|x64
		Debug|x86 = Debug|x86
		Release|Any CPU = Release|Any CPU
		Release|Mixed Platforms = Release|Mixed Platforms
		Release|Win32 = Release|Win32
		Release|x64 = Release|x64
		Release|x86 = Release|x86
	EndGlobalSection
	GlobalSection(ProjectConfigurationPlatforms) = postSolution
		{E1B63CD0-474A-4122-80CF-855184EE492F}.Debug|Any CPU.ActiveCfg = Debug|x86
		{E1B63CD0-474A-4122-80CF-855184EE492F}.Debug|Mixed Platforms.ActiveCfg = Debug|x86
		{E1B63CD0-474A-4122-80CF-855184EE492F}.Debug|Mixed Platforms.Build.0 = Debug|x86
		{E1B63CD0-474A-4122-80CF-855184EE492F}.Debug|Win32.ActiveCfg = Debug|x86
		{E1B63CD0-474A-4122-80CF-855184EE492F}.Debug|x64.ActiveCfg = Debug|x86
		{E1B63CD0-474A-4122-80CF-855184EE492F}.Debug|x86.ActiveCfg = Debug|x86
		{E1B63CD0-474A-4122-80CF-855184EE492F}.Debug|x86.Build.0 = Debug|x86
		{E1B63CD0-474A-4122-80CF-855184EE492F}.Release|Any CPU.ActiveCfg = Release|x86
		{E1B63CD0-474A-4122-80CF-855184EE492F}.Release|Mixed Platforms.ActiveCfg = Release|x86
		{E1B63CD0-474A-4122-80CF-855184EE492F}.Release|Mixed Platforms.Build.0 = Release|x86
		{E1B63CD0-474A-4122-80CF-855184EE492F}.Release|Win32.ActiveCfg = Release|x86
		{E1B63CD0-474A-4122-80CF-855184EE492F}.Release|x64.ActiveCfg = Release|x86
		{E1B63CD0-474A-4122-80CF-855184EE492F}.Release|x64.Build.0 = Release|x86
		{E1B63CD0-474A-4122-80CF-855184EE492F}.Release|x86.ActiveCfg = Release|x86
		{E1B63CD0-474A-4122-80CF-855184EE492F}.Release|x86.Build.0 = Release|x86
		{F3E9A9D6-4F5A-4D9F-90F9-3E2D46F21B1C}.Debug|Any CPU.ActiveCfg = Debug|x86
		{F3E9A9D6-4F5A-4D9F-90F9-3E2D46F21B1C}.Debug|Mixed Platforms.ActiveCfg = Debug|x86
		{F3E9A9D6-4F5A-4D9F-90F9-3E2D46F21B1C}.Debug|Mixed Platforms.Build.0 = Debug|x86
		{F3E9A9D6-4F5A-4D9F-90F9-3E2D46F21B1C}.Debug|Win32.ActiveCfg = Debug|x86
		{F3E9A9D6-4F5A-4D9F-90F9-3E2D46F21B1C}.Debug|x64.ActiveCfg = Debug|x64
		{F3E9A9D6-4F5A-4D9F-90F9-3E2D46F21B1C}.Debug|x86.ActiveCfg = Debug|x86
		{F3E9A9D6-4F5A-4D9F-90F9-3E2D46F21B1C}.Debug|x86.Build.0 = Debug|x86
		{F3E9A9D6-4F5A-4D9F-90F9-3E2D46F21B1C}.Release|Any CPU.ActiveCfg = Release|x86
		{F3E9A9D6-4F5A-4D9F-90F9-3E2D46F21B1C}.Release|Mixed Platforms.ActiveCfg = Release|x86
		{F3E9A9D6-4F5A-4D9F-90F9-3E2D46F21B1C}.Release|Mixed Platforms.Build.0 = Release|x86
		{F3E9A9D6-4F5A-4D9F-90F9-3E2D46F21B1C}.Release|Win32.ActiveCfg = Release|x86
		{F3E9A9D6-4F5A-4D9F-90F9-3E2D46F21B1C}.Release|x64.ActiveCfg = Release|x86
		{F3E9A9D6-4F5A-4D9F-90F9-3E2D46F21B1C}.Release|x64.Build.0 = Release|x86
		{F3E9A9D6-4F5A-4D9F-90F9-3E2D46F21B1C}.Release|x86.ActiveCfg = Release|x86
		{F3E9A9D6-4F5A-4D9F-90F9-3E2D46F21B1C}.Release|x86.Build.0 = Release|x86
		{50E05D6C-A38C-4B8B-B473-E73B61F25AE4}.Debug|Any CPU.ActiveCfg = Debug|Win32
		{50E05D6C-A38C-4B8B-B473-E73B61F25AE4}.Debug|Mixed Platforms.ActiveCfg = Debug|Win32
		{50E05D6C-A38C-4B8B-B473-E73B61F25AE4}.Debug|Mixed Platforms.Build.0 = Debug|Win32
		{50E05D6C-A38C-4B8B-B473-E73B61F25AE4}.Debug|Win32.ActiveCfg = Debug|Win32
		{50E05D6C-A38C-4B8B-B473-E73B61F25AE4}.Debug|Win32.Build.0 = Debug|Win32
		{50E05D6C-A38C-4B8B-B473-E73B61F25AE4}.Debug|x64.ActiveCfg = Debug|Win32
		{50E05D6C-A38C-4B8B-B473-E73B61F25AE4}.Debug|x86.ActiveCfg = Debug|Win32
		{50E05D6C-A38C-4B8B-B473-E73B61F25AE4}.Release|Any CPU.ActiveCfg = Release|Win32
		{50E05D6C-A38C-4B8B-B473-E73B61F25AE4}.Release|Mixed Platforms.ActiveCfg = Release|Win32
		{50E05D6C-A38C-4B8B-B473-E73B61F25AE4}.Release|Mixed Platforms.Build.0 = Release|Win32
		{50E05D6C-A38C-4B8B-B473-E73B61F25AE4}.Release|Win32.ActiveCfg = Release|Win32
		{50E05D6C-A38C-4B8B-B473-E73B61F25AE4}.Release|x64.ActiveCfg = Release|Win32
		{50E05D6C-A38C-4B8B-B473-E73B61F25AE4}.Release|x64.Build.0 = Release|Win32
		{50E05D6C-A38C-4B8B-B473-E73B61F25AE4}.Release|x86.ActiveCfg = Release|Win32
		{C1FCF15C-4320-422A-8EF0-AE488C9C5582}.Debug|Any CPU.ActiveCfg = Debug|Any CPU
		{C1FCF15C-4320-422A-8EF0-AE488C9C5582}.Debug|Any CPU.Build.0 = Debug|Any CPU
		{C1FCF15C-4320-422A-8EF0-AE488C9C5582}.Debug|Mixed Platforms.ActiveCfg = Debug|Any CPU
		{C1FCF15C-4320-422A-8EF0-AE488C9C5582}.Debug|Mixed Platforms.Build.0 = Debug|Any CPU
		{C1FCF15C-4320-422A-8EF0-AE488C9C5582}.Debug|Win32.ActiveCfg = Debug|Any CPU
		{C1FCF15C-4320-422A-8EF0-AE488C9C5582}.Debug|x64.ActiveCfg = Debug|Any CPU
		{C1FCF15C-4320-422A-8EF0-AE488C9C5582}.Debug|x64.Build.0 = Debug|Any CPU
		{C1FCF15C-4320-422A-8EF0-AE488C9C5582}.Debug|x86.ActiveCfg = Debug|x86
		{C1FCF15C-4320-422A-8EF0-AE488C9C5582}.Release|Any CPU.ActiveCfg = Release|Any CPU
		{C1FCF15C-4320-422A-8EF0-AE488C9C5582}.Release|Any CPU.Build.0 = Release|Any CPU
		{C1FCF15C-4320-422A-8EF0-AE488C9C5582}.Release|Mixed Platforms.ActiveCfg = Release|Any CPU
		{C1FCF15C-4320-422A-8EF0-AE488C9C5582}.Release|Mixed Platforms.Build.0 = Release|Any CPU
		{C1FCF15C-4320-422A-8EF0-AE488C9C5582}.Release|Win32.ActiveCfg = Release|Any CPU
		{C1FCF15C-4320-422A-8EF0-AE488C9C5582}.Release|x64.ActiveCfg = Release|Any CPU
		{C1FCF15C-4320-422A-8EF0-AE488C9C5582}.Release|x64.Build.0 = Release|Any CPU
		{C1FCF15C-4320-422A-8EF0-AE488C9C5582}.Release|x86.ActiveCfg = Release|x86
		{C1FCF15C-4320-422A-8EF0-AE488C9C5582}.Release|x86.Build.0 = Release|x86
		{6320DA73-407E-462B-82D0-40FB0567A33B}.Debug|Any CPU.ActiveCfg = Debug|x86
		{6320DA73-407E-462B-82D0-40FB0567A33B}.Debug|Mixed Platforms.ActiveCfg = Debug|x86
		{6320DA73-407E-462B-82D0-40FB0567A33B}.Debug|Mixed Platforms.Build.0 = Debug|x86
		{6320DA73-407E-462B-82D0-40FB0567A33B}.Debug|Win32.ActiveCfg = Debug|x86
		{6320DA73-407E-462B-82D0-40FB0567A33B}.Debug|x64.ActiveCfg = Debug|x86
		{6320DA73-407E-462B-82D0-40FB0567A33B}.Debug|x86.ActiveCfg = Debug|x86
		{6320DA73-407E-462B-82D0-40FB0567A33B}.Debug|x86.Build.0 = Debug|x86
		{6320DA73-407E-462B-82D0-40FB0567A33B}.Release|Any CPU.ActiveCfg = Release|x86
		{6320DA73-407E-462B-82D0-40FB0567A33B}.Release|Mixed Platforms.ActiveCfg = Release|x86
		{6320DA73-407E-462B-82D0-40FB0567A33B}.Release|Mixed Platforms.Build.0 = Release|x86
		{6320DA73-407E-462B-82D0-40FB0567A33B}.Release|Win32.ActiveCfg = Release|x86
		{6320DA73-407E-462B-82D0-40FB0567A33B}.Release|x64.ActiveCfg = Release|x86
		{6320DA73-407E-462B-82D0-40FB0567A33B}.Release|x64.Build.0 = Release|x86
		{6320DA73-407E-462B-82D0-40FB0567A33B}.Release|x86.ActiveCfg = Release|x86
		{6320DA73-407E-462B-82D0-40FB0567A33B}.Release|x86.Build.0 = Release|x86
		{CCED9202-C8C2-47C6-9F7B-4C78A0E851A4}.Debug|Any CPU.ActiveCfg = Debug|Any CPU
		{CCED9202-C8C2-47C6-9F7B-4C78A0E851A4}.Debug|Any CPU.Build.0 = Debug|Any CPU
		{CCED9202-C8C2-47C6-9F7B-4C78A0E851A4}.Debug|Mixed Platforms.ActiveCfg = Debug|Any CPU
		{CCED9202-C8C2-47C6-9F7B-4C78A0E851A4}.Debug|Mixed Platforms.Build.0 = Debug|Any CPU
		{CCED9202-C8C2-47C6-9F7B-4C78A0E851A4}.Debug|Win32.ActiveCfg = Debug|Any CPU
		{CCED9202-C8C2-47C6-9F7B-4C78A0E851A4}.Debug|Win32.Build.0 = Debug|Any CPU
		{CCED9202-C8C2-47C6-9F7B-4C78A0E851A4}.Debug|x64.ActiveCfg = Debug|Any CPU
		{CCED9202-C8C2-47C6-9F7B-4C78A0E851A4}.Debug|x64.Build.0 = Debug|Any CPU
		{CCED9202-C8C2-47C6-9F7B-4C78A0E851A4}.Debug|x86.ActiveCfg = Debug|x86
		{CCED9202-C8C2-47C6-9F7B-4C78A0E851A4}.Debug|x86.Build.0 = Debug|x86
		{CCED9202-C8C2-47C6-9F7B-4C78A0E851A4}.Release|Any CPU.ActiveCfg = Release|Any CPU
		{CCED9202-C8C2-47C6-9F7B-4C78A0E851A4}.Release|Any CPU.Build.0 = Release|Any CPU
		{CCED9202-C8C2-47C6-9F7B-4C78A0E851A4}.Release|Mixed Platforms.ActiveCfg = Release|Any CPU
		{CCED9202-C8C2-47C6-9F7B-4C78A0E851A4}.Release|Mixed Platforms.Build.0 = Release|Any CPU
		{CCED9202-C8C2-47C6-9F7B-4C78A0E851A4}.Release|Win32.ActiveCfg = Release|x86
		{CCED9202-C8C2-47C6-9F7B-4C78A0E851A4}.Release|x64.ActiveCfg = Release|Any CPU
		{CCED9202-C8C2-47C6-9F7B-4C78A0E851A4}.Release|x64.Build.0 = Release|Any CPU
		{CCED9202-C8C2-47C6-9F7B-4C78A0E851A4}.Release|x86.ActiveCfg = Release|x86
		{CCED9202-C8C2-47C6-9F7B-4C78A0E851A4}.Release|x86.Build.0 = Release|x86
		{9CDC5D93-DFBE-4B82-91CF-5982CBBC2CB7}.Debug|Any CPU.ActiveCfg = Debug|Win32
		{9CDC5D93-DFBE-4B82-91CF-5982CBBC2CB7}.Debug|Mixed Platforms.ActiveCfg = Debug|Win32
		{9CDC5D93-DFBE-4B82-91CF-5982CBBC2CB7}.Debug|Mixed Platforms.Build.0 = Debug|Win32
		{9CDC5D93-DFBE-4B82-91CF-5982CBBC2CB7}.Debug|Win32.ActiveCfg = Debug|Win32
		{9CDC5D93-DFBE-4B82-91CF-5982CBBC2CB7}.Debug|Win32.Build.0 = Debug|Win32
		{9CDC5D93-DFBE-4B82-91CF-5982CBBC2CB7}.Debug|x64.ActiveCfg = Debug|Win32
		{9CDC5D93-DFBE-4B82-91CF-5982CBBC2CB7}.Debug|x86.ActiveCfg = Debug|Win32
		{9CDC5D93-DFBE-4B82-91CF-5982CBBC2CB7}.Release|Any CPU.ActiveCfg = Release|Win32
		{9CDC5D93-DFBE-4B82-91CF-5982CBBC2CB7}.Release|Mixed Platforms.ActiveCfg = Release|Win32
		{9CDC5D93-DFBE-4B82-91CF-5982CBBC2CB7}.Release|Mixed Platforms.Build.0 = Release|Win32
		{9CDC5D93-DFBE-4B82-91CF-5982CBBC2CB7}.Release|Win32.ActiveCfg = Release|Win32
		{9CDC5D93-DFBE-4B82-91CF-5982CBBC2CB7}.Release|x64.ActiveCfg = Release|x64
		{9CDC5D93-DFBE-4B82-91CF-5982CBBC2CB7}.Release|x64.Build.0 = Release|x64
		{9CDC5D93-DFBE-4B82-91CF-5982CBBC2CB7}.Release|x86.ActiveCfg = Release|Win32
		{82CF85B7-588E-45B3-8CA7-DC59BC99BB01}.Debug|Any CPU.ActiveCfg = Debug|Any CPU
		{82CF85B7-588E-45B3-8CA7-DC59BC99BB01}.Debug|Any CPU.Build.0 = Debug|Any CPU
		{82CF85B7-588E-45B3-8CA7-DC59BC99BB01}.Debug|Mixed Platforms.ActiveCfg = Debug|Any CPU
		{82CF85B7-588E-45B3-8CA7-DC59BC99BB01}.Debug|Mixed Platforms.Build.0 = Debug|Any CPU
		{82CF85B7-588E-45B3-8CA7-DC59BC99BB01}.Debug|Win32.ActiveCfg = Debug|Any CPU
		{82CF85B7-588E-45B3-8CA7-DC59BC99BB01}.Debug|Win32.Build.0 = Debug|Any CPU
		{82CF85B7-588E-45B3-8CA7-DC59BC99BB01}.Debug|x64.ActiveCfg = Debug|Any CPU
		{82CF85B7-588E-45B3-8CA7-DC59BC99BB01}.Debug|x64.Build.0 = Debug|Any CPU
		{82CF85B7-588E-45B3-8CA7-DC59BC99BB01}.Debug|x86.ActiveCfg = Debug|x86
		{82CF85B7-588E-45B3-8CA7-DC59BC99BB01}.Debug|x86.Build.0 = Debug|x86
		{82CF85B7-588E-45B3-8CA7-DC59BC99BB01}.Release|Any CPU.ActiveCfg = Release|Any CPU
		{82CF85B7-588E-45B3-8CA7-DC59BC99BB01}.Release|Any CPU.Build.0 = Release|Any CPU
		{82CF85B7-588E-45B3-8CA7-DC59BC99BB01}.Release|Mixed Platforms.ActiveCfg = Release|Any CPU
		{82CF85B7-588E-45B3-8CA7-DC59BC99BB01}.Release|Mixed Platforms.Build.0 = Release|Any CPU
		{82CF85B7-588E-45B3-8CA7-DC59BC99BB01}.Release|Win32.ActiveCfg = Release|x86
		{82CF85B7-588E-45B3-8CA7-DC59BC99BB01}.Release|Win32.Build.0 = Release|x86
		{82CF85B7-588E-45B3-8CA7-DC59BC99BB01}.Release|x64.ActiveCfg = Release|Any CPU
		{82CF85B7-588E-45B3-8CA7-DC59BC99BB01}.Release|x64.Build.0 = Release|Any CPU
		{82CF85B7-588E-45B3-8CA7-DC59BC99BB01}.Release|x86.ActiveCfg = Release|x86
		{82CF85B7-588E-45B3-8CA7-DC59BC99BB01}.Release|x86.Build.0 = Release|x86
		{A1EA2EED-DCA4-4F3A-BA51-18ABF1D4EDBA}.Debug|Any CPU.ActiveCfg = Debug|Any CPU
		{A1EA2EED-DCA4-4F3A-BA51-18ABF1D4EDBA}.Debug|Any CPU.Build.0 = Debug|Any CPU
		{A1EA2EED-DCA4-4F3A-BA51-18ABF1D4EDBA}.Debug|Mixed Platforms.ActiveCfg = Debug|Any CPU
		{A1EA2EED-DCA4-4F3A-BA51-18ABF1D4EDBA}.Debug|Mixed Platforms.Build.0 = Debug|Any CPU
		{A1EA2EED-DCA4-4F3A-BA51-18ABF1D4EDBA}.Debug|Win32.ActiveCfg = Debug|Any CPU
		{A1EA2EED-DCA4-4F3A-BA51-18ABF1D4EDBA}.Debug|Win32.Build.0 = Debug|Any CPU
		{A1EA2EED-DCA4-4F3A-BA51-18ABF1D4EDBA}.Debug|x64.ActiveCfg = Debug|Any CPU
		{A1EA2EED-DCA4-4F3A-BA51-18ABF1D4EDBA}.Debug|x64.Build.0 = Debug|Any CPU
		{A1EA2EED-DCA4-4F3A-BA51-18ABF1D4EDBA}.Debug|x86.ActiveCfg = Debug|x86
		{A1EA2EED-DCA4-4F3A-BA51-18ABF1D4EDBA}.Debug|x86.Build.0 = Debug|x86
		{A1EA2EED-DCA4-4F3A-BA51-18ABF1D4EDBA}.Release|Any CPU.ActiveCfg = Release|Any CPU
		{A1EA2EED-DCA4-4F3A-BA51-18ABF1D4EDBA}.Release|Any CPU.Build.0 = Release|Any CPU
		{A1EA2EED-DCA4-4F3A-BA51-18ABF1D4EDBA}.Release|Mixed Platforms.ActiveCfg = Release|Any CPU
		{A1EA2EED-DCA4-4F3A-BA51-18ABF1D4EDBA}.Release|Mixed Platforms.Build.0 = Release|Any CPU
		{A1EA2EED-DCA4-4F3A-BA51-18ABF1D4EDBA}.Release|Win32.ActiveCfg = Release|Any CPU
		{A1EA2EED-DCA4-4F3A-BA51-18ABF1D4EDBA}.Release|Win32.Build.0 = Release|Any CPU
		{A1EA2EED-DCA4-4F3A-BA51-18ABF1D4EDBA}.Release|x64.ActiveCfg = Release|Any CPU
		{A1EA2EED-DCA4-4F3A-BA51-18ABF1D4EDBA}.Release|x64.Build.0 = Release|Any CPU
		{A1EA2EED-DCA4-4F3A-BA51-18ABF1D4EDBA}.Release|x86.ActiveCfg = Release|x86
		{A1EA2EED-DCA4-4F3A-BA51-18ABF1D4EDBA}.Release|x86.Build.0 = Release|x86
		{AE26DCB5-E68B-4EAD-A551-FA6AA6A528E6}.Debug|Any CPU.ActiveCfg = Debug|Win32
		{AE26DCB5-E68B-4EAD-A551-FA6AA6A528E6}.Debug|Mixed Platforms.ActiveCfg = Debug|Win32
		{AE26DCB5-E68B-4EAD-A551-FA6AA6A528E6}.Debug|Mixed Platforms.Build.0 = Debug|Win32
		{AE26DCB5-E68B-4EAD-A551-FA6AA6A528E6}.Debug|Win32.ActiveCfg = Debug|Win32
		{AE26DCB5-E68B-4EAD-A551-FA6AA6A528E6}.Debug|Win32.Build.0 = Debug|Win32
		{AE26DCB5-E68B-4EAD-A551-FA6AA6A528E6}.Debug|x64.ActiveCfg = Debug|Win32
		{AE26DCB5-E68B-4EAD-A551-FA6AA6A528E6}.Debug|x86.ActiveCfg = Debug|Win32
		{AE26DCB5-E68B-4EAD-A551-FA6AA6A528E6}.Release|Any CPU.ActiveCfg = Release|Win32
		{AE26DCB5-E68B-4EAD-A551-FA6AA6A528E6}.Release|Mixed Platforms.ActiveCfg = Release|Win32
		{AE26DCB5-E68B-4EAD-A551-FA6AA6A528E6}.Release|Mixed Platforms.Build.0 = Release|Win32
		{AE26DCB5-E68B-4EAD-A551-FA6AA6A528E6}.Release|Win32.ActiveCfg = Release|Win32
		{AE26DCB5-E68B-4EAD-A551-FA6AA6A528E6}.Release|Win32.Build.0 = Release|Win32
		{AE26DCB5-E68B-4EAD-A551-FA6AA6A528E6}.Release|x64.ActiveCfg = Release|Win32
		{AE26DCB5-E68B-4EAD-A551-FA6AA6A528E6}.Release|x64.Build.0 = Release|Win32
		{AE26DCB5-E68B-4EAD-A551-FA6AA6A528E6}.Release|x86.ActiveCfg = Release|Win32
		{8181D48F-0C04-47E3-BA85-6940B21D8DDD}.Debug|Any CPU.ActiveCfg = Debug|Win32
		{8181D48F-0C04-47E3-BA85-6940B21D8DDD}.Debug|Mixed Platforms.ActiveCfg = Debug|Win32
		{8181D48F-0C04-47E3-BA85-6940B21D8DDD}.Debug|Mixed Platforms.Build.0 = Debug|Win32
		{8181D48F-0C04-47E3-BA85-6940B21D8DDD}.Debug|Win32.ActiveCfg = Debug|Win32
		{8181D48F-0C04-47E3-BA85-6940B21D8DDD}.Debug|Win32.Build.0 = Debug|Win32
		{8181D48F-0C04-47E3-BA85-6940B21D8DDD}.Debug|x64.ActiveCfg = Debug|Win32
		{8181D48F-0C04-47E3-BA85-6940B21D8DDD}.Debug|x86.ActiveCfg = Debug|Win32
		{8181D48F-0C04-47E3-BA85-6940B21D8DDD}.Release|Any CPU.ActiveCfg = Release|Win32
		{8181D48F-0C04-47E3-BA85-6940B21D8DDD}.Release|Mixed Platforms.ActiveCfg = Release|Win32
		{8181D48F-0C04-47E3-BA85-6940B21D8DDD}.Release|Mixed Platforms.Build.0 = Release|Win32
		{8181D48F-0C04-47E3-BA85-6940B21D8DDD}.Release|Win32.ActiveCfg = Release|Win32
		{8181D48F-0C04-47E3-BA85-6940B21D8DDD}.Release|Win32.Build.0 = Release|Win32
		{8181D48F-0C04-47E3-BA85-6940B21D8DDD}.Release|x64.ActiveCfg = Release|Win32
		{8181D48F-0C04-47E3-BA85-6940B21D8DDD}.Release|x64.Build.0 = Release|Win32
		{8181D48F-0C04-47E3-BA85-6940B21D8DDD}.Release|x86.ActiveCfg = Release|Win32
		{234868B6-7B2C-4325-913B-909789F2A521}.Debug|Any CPU.ActiveCfg = Debug|x64
		{234868B6-7B2C-4325-913B-909789F2A521}.Debug|Any CPU.Build.0 = Debug|x64
		{234868B6-7B2C-4325-913B-909789F2A521}.Debug|Mixed Platforms.ActiveCfg = Debug|x64
		{234868B6-7B2C-4325-913B-909789F2A521}.Debug|Win32.ActiveCfg = Debug|x64
		{234868B6-7B2C-4325-913B-909789F2A521}.Debug|x64.ActiveCfg = Debug|x64
		{234868B6-7B2C-4325-913B-909789F2A521}.Debug|x64.Build.0 = Debug|x64
		{234868B6-7B2C-4325-913B-909789F2A521}.Debug|x86.ActiveCfg = Debug|x86
		{234868B6-7B2C-4325-913B-909789F2A521}.Release|Any CPU.ActiveCfg = Release|x64
		{234868B6-7B2C-4325-913B-909789F2A521}.Release|Any CPU.Build.0 = Release|x64
		{234868B6-7B2C-4325-913B-909789F2A521}.Release|Mixed Platforms.ActiveCfg = Release|x64
		{234868B6-7B2C-4325-913B-909789F2A521}.Release|Win32.ActiveCfg = Release|x64
		{234868B6-7B2C-4325-913B-909789F2A521}.Release|x64.ActiveCfg = Release|x64
		{234868B6-7B2C-4325-913B-909789F2A521}.Release|x64.Build.0 = Release|x64
		{234868B6-7B2C-4325-913B-909789F2A521}.Release|x86.ActiveCfg = Release|x86
		{234868B6-7B2C-4325-913B-909789F2A521}.Release|x86.Build.0 = Release|x86
		{0F8A9A4F-054E-405F-97C0-073FF74EEF27}.Debug|Any CPU.ActiveCfg = Debug|x64
		{0F8A9A4F-054E-405F-97C0-073FF74EEF27}.Debug|Any CPU.Build.0 = Debug|x64
		{0F8A9A4F-054E-405F-97C0-073FF74EEF27}.Debug|Mixed Platforms.ActiveCfg = Debug|x64
		{0F8A9A4F-054E-405F-97C0-073FF74EEF27}.Debug|Win32.ActiveCfg = Debug|x64
		{0F8A9A4F-054E-405F-97C0-073FF74EEF27}.Debug|x64.ActiveCfg = Debug|x64
		{0F8A9A4F-054E-405F-97C0-073FF74EEF27}.Debug|x64.Build.0 = Debug|x64
		{0F8A9A4F-054E-405F-97C0-073FF74EEF27}.Debug|x86.ActiveCfg = Debug|x86
		{0F8A9A4F-054E-405F-97C0-073FF74EEF27}.Release|Any CPU.ActiveCfg = Release|x64
		{0F8A9A4F-054E-405F-97C0-073FF74EEF27}.Release|Any CPU.Build.0 = Release|x64
		{0F8A9A4F-054E-405F-97C0-073FF74EEF27}.Release|Mixed Platforms.ActiveCfg = Release|x64
		{0F8A9A4F-054E-405F-97C0-073FF74EEF27}.Release|Win32.ActiveCfg = Release|x64
		{0F8A9A4F-054E-405F-97C0-073FF74EEF27}.Release|x64.ActiveCfg = Release|x64
		{0F8A9A4F-054E-405F-97C0-073FF74EEF27}.Release|x64.Build.0 = Release|x64
		{0F8A9A4F-054E-405F-97C0-073FF74EEF27}.Release|x86.ActiveCfg = Release|x86
		{0F8A9A4F-054E-405F-97C0-073FF74EEF27}.Release|x86.Build.0 = Release|x86
	EndGlobalSection
	GlobalSection(SolutionProperties) = preSolution
		HideSolutionNode = FALSE
	EndGlobalSection
	GlobalSection(ExtensibilityGlobals) = postSolution
		SolutionGuid = {D6ABD39E-C67D-4336-9D00-9ED655E7117C}
	EndGlobalSection
EndGlobal
